
Microsoft Visual Studio Solution File, Format Version 12.00
# Visual Studio Version 16
VisualStudioVersion = 16.0.31005.135
MinimumVisualStudioVersion = 10.0.40219.1
Project("{FAE04EC0-301F-11D3-BF4B-00C04F79EFBC}") = "MeyveSikacagi", "Proje_Odevi\MeyveSikacagi.csproj", "{F49BBA78-638D-4DB1-83EB-E2F80B01546A}"
EndProject
Global
	GlobalSection(SolutionConfigurationPlatforms) = preSolution
		Debug|Any CPU = Debug|Any CPU
		Release|Any CPU = Release|Any CPU
	EndGlobalSection
	GlobalSection(ProjectConfigurationPlatforms) = postSolution
		{F49BBA78-638D-4DB1-83EB-E2F80B01546A}.Debug|Any CPU.ActiveCfg = Debug|Any CPU
		{F49BBA78-638D-4DB1-83EB-E2F80B01546A}.Debug|Any CPU.Build.0 = Debug|Any CPU
		{F49BBA78-638D-4DB1-83EB-E2F80B01546A}.Release|Any CPU.ActiveCfg = Release|Any CPU
		{F49BBA78-638D-4DB1-83EB-E2F80B01546A}.Release|Any CPU.Build.0 = Release|Any CPU
	EndGlobalSection
	GlobalSection(SolutionProperties) = preSolution
		HideSolutionNode = FALSE
	EndGlobalSection
	GlobalSection(ExtensibilityGlobals) = postSolution
		SolutionGuid = {B62461B3-99A5-4E82-9C73-BBA5F7167BEB}
	EndGlobalSection
EndGlobal
